
Microsoft Visual Studio Solution File, Format Version 12.00
# Visual Studio 2013
VisualStudioVersion = 12.0.30501.0
MinimumVisualStudioVersion = 10.0.40219.1
Project("{FAE04EC0-301F-11D3-BF4B-00C04F79EFBC}") = "Dialogue.Logic", "Src\Dialogue.Logic\Dialogue.Logic.csproj", "{DD101876-52AC-494C-B1FB-78A205C05AB3}"
EndProject
Project("{E24C65DC-7377-472B-9ABA-BC803B73C61A}") = "Dialogue.Website", "http://localhost:3456", "{3DD40D42-0984-4C81-924E-1EB345A2D2AC}"
	ProjectSection(WebsiteProperties) = preProject
		UseIISExpress = "true"
		TargetFrameworkMoniker = ".NETFramework,Version%3Dv4.0"
		Debug.AspNetCompiler.VirtualPath = "/localhost_3456"
		Debug.AspNetCompiler.PhysicalPath = "Src\Dialogue.Website\"
		Debug.AspNetCompiler.TargetPath = "PrecompiledWeb\localhost_3456\"
		Debug.AspNetCompiler.Updateable = "true"
		Debug.AspNetCompiler.ForceOverwrite = "true"
		Debug.AspNetCompiler.FixedNames = "false"
		Debug.AspNetCompiler.Debug = "True"
		Release.AspNetCompiler.VirtualPath = "/localhost_3456"
		Release.AspNetCompiler.PhysicalPath = "Src\Dialogue.Website\"
		Release.AspNetCompiler.TargetPath = "PrecompiledWeb\localhost_3456\"
		Release.AspNetCompiler.Updateable = "true"
		Release.AspNetCompiler.ForceOverwrite = "true"
		Release.AspNetCompiler.FixedNames = "false"
		Release.AspNetCompiler.Debug = "False"
		SlnRelativePath = "Src\Dialogue.Website\"
		DefaultWebSiteLanguage = "Visual C#"
	EndProjectSection
EndProject
Project("{2150E333-8FDC-42A3-9474-1A3956D46DE8}") = "ReadMe", "ReadMe", "{ACABA814-701D-4C5E-A7A5-3AABAFD6EA25}"
	ProjectSection(SolutionItems) = preProject
		Src\ReadMe\README.txt = Src\ReadMe\README.txt
	EndProjectSection
EndProject
Project("{2150E333-8FDC-42A3-9474-1A3956D46DE8}") = "Database", "Database", "{389FF9D0-561B-4C10-8F2F-F30212BFBE8A}"
EndProject
Project("{2150E333-8FDC-42A3-9474-1A3956D46DE8}") = "Externals", "Externals", "{4F21FD6C-D6AD-428E-8AE0-537F771769AE}"
EndProject
Global
	GlobalSection(SolutionConfigurationPlatforms) = preSolution
		Debug|Any CPU = Debug|Any CPU
		Release|Any CPU = Release|Any CPU
	EndGlobalSection
	GlobalSection(ProjectConfigurationPlatforms) = postSolution
		{DD101876-52AC-494C-B1FB-78A205C05AB3}.Debug|Any CPU.ActiveCfg = Debug|Any CPU
		{DD101876-52AC-494C-B1FB-78A205C05AB3}.Debug|Any CPU.Build.0 = Debug|Any CPU
		{DD101876-52AC-494C-B1FB-78A205C05AB3}.Release|Any CPU.ActiveCfg = Release|Any CPU
		{DD101876-52AC-494C-B1FB-78A205C05AB3}.Release|Any CPU.Build.0 = Release|Any CPU
		{3DD40D42-0984-4C81-924E-1EB345A2D2AC}.Debug|Any CPU.ActiveCfg = Debug|Any CPU
		{3DD40D42-0984-4C81-924E-1EB345A2D2AC}.Release|Any CPU.ActiveCfg = Debug|Any CPU
	EndGlobalSection
	GlobalSection(SolutionProperties) = preSolution
		HideSolutionNode = FALSE
	EndGlobalSection
EndGlobal
