
Microsoft Visual Studio Solution File, Format Version 12.00
# Visual Studio 2013
VisualStudioVersion = 12.0.31101.0
MinimumVisualStudioVersion = 10.0.40219.1
Project("{FAE04EC0-301F-11D3-BF4B-00C04F79EFBC}") = "Dialogue.Logic", "Src\Dialogue.Logic\Dialogue.Logic.csproj", "{DD101876-52AC-494C-B1FB-78A205C05AB3}"
EndProject
Project("{E24C65DC-7377-472B-9ABA-BC803B73C61A}") = "Dialogue.Website", "http://localhost:3456", "{3DD40D42-0984-4C81-924E-1EB345A2D2AC}"
	ProjectSection(WebsiteProperties) = preProject
		UseIISExpress = "true"
		TargetFrameworkMoniker = ".NETFramework,Version%3Dv4.0"
		Debug.AspNetCompiler.VirtualPath = "/localhost_3456"
		Debug.AspNetCompiler.PhysicalPath = "Src\Dialogue.Website\"
		Debug.AspNetCompiler.TargetPath = "PrecompiledWeb\localhost_3456\"
		Debug.AspNetCompiler.Updateable = "true"
		Debug.AspNetCompiler.ForceOverwrite = "true"
		Debug.AspNetCompiler.FixedNames = "false"
		Debug.AspNetCompiler.Debug = "True"
		Release.AspNetCompiler.VirtualPath = "/localhost_3456"
		Release.AspNetCompiler.PhysicalPath = "Src\Dialogue.Website\"
		Release.AspNetCompiler.TargetPath = "PrecompiledWeb\localhost_3456\"
		Release.AspNetCompiler.Updateable = "true"
		Release.AspNetCompiler.ForceOverwrite = "true"
		Release.AspNetCompiler.FixedNames = "false"
		Release.AspNetCompiler.Debug = "False"
		SlnRelativePath = "Src\Dialogue.Website\"
		DefaultWebSiteLanguage = "Visual C#"
	EndProjectSection
EndProject
Project("{2150E333-8FDC-42A3-9474-1A3956D46DE8}") = "Database", "Database", "{389FF9D0-561B-4C10-8F2F-F30212BFBE8A}"
	ProjectSection(SolutionItems) = preProject
		Src\Database\dialogueforumbraco.zip = Src\Database\dialogueforumbraco.zip
	EndProjectSection
EndProject
Project("{2150E333-8FDC-42A3-9474-1A3956D46DE8}") = "Badges", "Badges", "{4F21FD6C-D6AD-428E-8AE0-537F771769AE}"
EndProject
Project("{FAE04EC0-301F-11D3-BF4B-00C04F79EFBC}") = "Badge.AuthorMarkAsSolution", "Src\Dialogue.Badges\Badge.AuthorMarkAsSolution\Badge.AuthorMarkAsSolution.csproj", "{FFE9A4B8-EB52-41D2-ABE8-03A6435D48FB}"
EndProject
Project("{FAE04EC0-301F-11D3-BF4B-00C04F79EFBC}") = "Badge.MemberForAYearBadge", "Src\Dialogue.Badges\Badge.MemberForAYearBadge\Badge.MemberForAYearBadge.csproj", "{4685BF2B-53F4-4D64-8732-A05F173850E5}"
EndProject
Project("{FAE04EC0-301F-11D3-BF4B-00C04F79EFBC}") = "Badge.OneThousandPoints", "Src\Dialogue.Badges\Badge.OneThousandPoints\Badge.OneThousandPoints.csproj", "{4ED41FC0-3F88-4A06-8FC2-58D40086D1C7}"
EndProject
Project("{FAE04EC0-301F-11D3-BF4B-00C04F79EFBC}") = "Badge.Padawan", "Src\Dialogue.Badges\Badge.Padawan\Badge.Padawan.csproj", "{60AD0AED-DDCC-4194-A9D5-C51100AF7F00}"
EndProject
Project("{FAE04EC0-301F-11D3-BF4B-00C04F79EFBC}") = "Badge.PosterMarkAsSolution", "Src\Dialogue.Badges\Badge.PosterMarkAsSolution\Badge.PosterMarkAsSolution.csproj", "{6EC3DB0F-432E-4345-A39F-626277D6FE3A}"
EndProject
Project("{FAE04EC0-301F-11D3-BF4B-00C04F79EFBC}") = "Badge.PosterVoteUpBadge", "Src\Dialogue.Badges\Badge.PosterVoteUpBadge\Badge.PosterVoteUpBadge.csproj", "{9987C385-3E3A-44FB-9AC1-7FCB4AD9F35D}"
EndProject
Project("{FAE04EC0-301F-11D3-BF4B-00C04F79EFBC}") = "Badge.PostMentionUmbraco", "Src\Dialogue.Badges\Badge.PostMentionUmbraco\Badge.PostMentionUmbraco.csproj", "{24B2645B-21EA-4529-AD1A-4BF69D18F40E}"
EndProject
Project("{FAE04EC0-301F-11D3-BF4B-00C04F79EFBC}") = "Badge.UserVoteUpBadge", "Src\Dialogue.Badges\Badge.UserVoteUpBadge\Badge.UserVoteUpBadge.csproj", "{47E580E7-9C94-4D38-A8CD-72C1B70B0D2A}"
EndProject
Project("{FAE04EC0-301F-11D3-BF4B-00C04F79EFBC}") = "Badge.VoteTheGrouch", "Src\Dialogue.Badges\Badge.VoteTheGrouch\Badge.VoteTheGrouch.csproj", "{E07637B5-97F0-4AE9-99B7-26CDF85C162B}"
EndProject
Project("{2150E333-8FDC-42A3-9474-1A3956D46DE8}") = "Externals", "Externals", "{9EF25FB9-B4FA-46F5-BF0C-41408E26B3C1}"
	ProjectSection(SolutionItems) = preProject
		Src\Externals\PackageActionsContrib.dll = Src\Externals\PackageActionsContrib.dll
	EndProjectSection
EndProject
Project("{2150E333-8FDC-42A3-9474-1A3956D46DE8}") = "Solution Items", "Solution Items", "{17339EAC-97E8-4EA2-B055-59834026F20D}"
	ProjectSection(SolutionItems) = preProject
		Src\ReadMe\LeeNotes.txt = Src\ReadMe\LeeNotes.txt
		ReadMe.md = ReadMe.md
	EndProjectSection
EndProject
Project("{2150E333-8FDC-42A3-9474-1A3956D46DE8}") = ".nuget", ".nuget", "{7B0FC57C-DE50-46C4-A328-3A0432482AA2}"
	ProjectSection(SolutionItems) = preProject
		.nuget\NuGet.Config = .nuget\NuGet.Config
		.nuget\NuGet.exe = .nuget\NuGet.exe
		.nuget\NuGet.targets = .nuget\NuGet.targets
	EndProjectSection
EndProject
Global
	GlobalSection(SolutionConfigurationPlatforms) = preSolution
		Debug|Any CPU = Debug|Any CPU
		Release|Any CPU = Release|Any CPU
	EndGlobalSection
	GlobalSection(ProjectConfigurationPlatforms) = postSolution
		{DD101876-52AC-494C-B1FB-78A205C05AB3}.Debug|Any CPU.ActiveCfg = Debug|Any CPU
		{DD101876-52AC-494C-B1FB-78A205C05AB3}.Debug|Any CPU.Build.0 = Debug|Any CPU
		{DD101876-52AC-494C-B1FB-78A205C05AB3}.Release|Any CPU.ActiveCfg = Release|Any CPU
		{DD101876-52AC-494C-B1FB-78A205C05AB3}.Release|Any CPU.Build.0 = Release|Any CPU
		{3DD40D42-0984-4C81-924E-1EB345A2D2AC}.Debug|Any CPU.ActiveCfg = Debug|Any CPU
		{3DD40D42-0984-4C81-924E-1EB345A2D2AC}.Release|Any CPU.ActiveCfg = Debug|Any CPU
		{FFE9A4B8-EB52-41D2-ABE8-03A6435D48FB}.Debug|Any CPU.ActiveCfg = Debug|Any CPU
		{FFE9A4B8-EB52-41D2-ABE8-03A6435D48FB}.Debug|Any CPU.Build.0 = Debug|Any CPU
		{FFE9A4B8-EB52-41D2-ABE8-03A6435D48FB}.Release|Any CPU.ActiveCfg = Release|Any CPU
		{FFE9A4B8-EB52-41D2-ABE8-03A6435D48FB}.Release|Any CPU.Build.0 = Release|Any CPU
		{4685BF2B-53F4-4D64-8732-A05F173850E5}.Debug|Any CPU.ActiveCfg = Debug|Any CPU
		{4685BF2B-53F4-4D64-8732-A05F173850E5}.Debug|Any CPU.Build.0 = Debug|Any CPU
		{4685BF2B-53F4-4D64-8732-A05F173850E5}.Release|Any CPU.ActiveCfg = Release|Any CPU
		{4685BF2B-53F4-4D64-8732-A05F173850E5}.Release|Any CPU.Build.0 = Release|Any CPU
		{4ED41FC0-3F88-4A06-8FC2-58D40086D1C7}.Debug|Any CPU.ActiveCfg = Debug|Any CPU
		{4ED41FC0-3F88-4A06-8FC2-58D40086D1C7}.Debug|Any CPU.Build.0 = Debug|Any CPU
		{4ED41FC0-3F88-4A06-8FC2-58D40086D1C7}.Release|Any CPU.ActiveCfg = Release|Any CPU
		{4ED41FC0-3F88-4A06-8FC2-58D40086D1C7}.Release|Any CPU.Build.0 = Release|Any CPU
		{60AD0AED-DDCC-4194-A9D5-C51100AF7F00}.Debug|Any CPU.ActiveCfg = Debug|Any CPU
		{60AD0AED-DDCC-4194-A9D5-C51100AF7F00}.Debug|Any CPU.Build.0 = Debug|Any CPU
		{60AD0AED-DDCC-4194-A9D5-C51100AF7F00}.Release|Any CPU.ActiveCfg = Release|Any CPU
		{60AD0AED-DDCC-4194-A9D5-C51100AF7F00}.Release|Any CPU.Build.0 = Release|Any CPU
		{6EC3DB0F-432E-4345-A39F-626277D6FE3A}.Debug|Any CPU.ActiveCfg = Debug|Any CPU
		{6EC3DB0F-432E-4345-A39F-626277D6FE3A}.Debug|Any CPU.Build.0 = Debug|Any CPU
		{6EC3DB0F-432E-4345-A39F-626277D6FE3A}.Release|Any CPU.ActiveCfg = Release|Any CPU
		{6EC3DB0F-432E-4345-A39F-626277D6FE3A}.Release|Any CPU.Build.0 = Release|Any CPU
		{9987C385-3E3A-44FB-9AC1-7FCB4AD9F35D}.Debug|Any CPU.ActiveCfg = Debug|Any CPU
		{9987C385-3E3A-44FB-9AC1-7FCB4AD9F35D}.Debug|Any CPU.Build.0 = Debug|Any CPU
		{9987C385-3E3A-44FB-9AC1-7FCB4AD9F35D}.Release|Any CPU.ActiveCfg = Release|Any CPU
		{9987C385-3E3A-44FB-9AC1-7FCB4AD9F35D}.Release|Any CPU.Build.0 = Release|Any CPU
		{24B2645B-21EA-4529-AD1A-4BF69D18F40E}.Debug|Any CPU.ActiveCfg = Debug|Any CPU
		{24B2645B-21EA-4529-AD1A-4BF69D18F40E}.Debug|Any CPU.Build.0 = Debug|Any CPU
		{24B2645B-21EA-4529-AD1A-4BF69D18F40E}.Release|Any CPU.ActiveCfg = Release|Any CPU
		{24B2645B-21EA-4529-AD1A-4BF69D18F40E}.Release|Any CPU.Build.0 = Release|Any CPU
		{47E580E7-9C94-4D38-A8CD-72C1B70B0D2A}.Debug|Any CPU.ActiveCfg = Debug|Any CPU
		{47E580E7-9C94-4D38-A8CD-72C1B70B0D2A}.Debug|Any CPU.Build.0 = Debug|Any CPU
		{47E580E7-9C94-4D38-A8CD-72C1B70B0D2A}.Release|Any CPU.ActiveCfg = Release|Any CPU
		{47E580E7-9C94-4D38-A8CD-72C1B70B0D2A}.Release|Any CPU.Build.0 = Release|Any CPU
		{E07637B5-97F0-4AE9-99B7-26CDF85C162B}.Debug|Any CPU.ActiveCfg = Debug|Any CPU
		{E07637B5-97F0-4AE9-99B7-26CDF85C162B}.Debug|Any CPU.Build.0 = Debug|Any CPU
		{E07637B5-97F0-4AE9-99B7-26CDF85C162B}.Release|Any CPU.ActiveCfg = Release|Any CPU
		{E07637B5-97F0-4AE9-99B7-26CDF85C162B}.Release|Any CPU.Build.0 = Release|Any CPU
	EndGlobalSection
	GlobalSection(SolutionProperties) = preSolution
		HideSolutionNode = FALSE
	EndGlobalSection
	GlobalSection(NestedProjects) = preSolution
		{FFE9A4B8-EB52-41D2-ABE8-03A6435D48FB} = {4F21FD6C-D6AD-428E-8AE0-537F771769AE}
		{4685BF2B-53F4-4D64-8732-A05F173850E5} = {4F21FD6C-D6AD-428E-8AE0-537F771769AE}
		{4ED41FC0-3F88-4A06-8FC2-58D40086D1C7} = {4F21FD6C-D6AD-428E-8AE0-537F771769AE}
		{60AD0AED-DDCC-4194-A9D5-C51100AF7F00} = {4F21FD6C-D6AD-428E-8AE0-537F771769AE}
		{6EC3DB0F-432E-4345-A39F-626277D6FE3A} = {4F21FD6C-D6AD-428E-8AE0-537F771769AE}
		{9987C385-3E3A-44FB-9AC1-7FCB4AD9F35D} = {4F21FD6C-D6AD-428E-8AE0-537F771769AE}
		{24B2645B-21EA-4529-AD1A-4BF69D18F40E} = {4F21FD6C-D6AD-428E-8AE0-537F771769AE}
		{47E580E7-9C94-4D38-A8CD-72C1B70B0D2A} = {4F21FD6C-D6AD-428E-8AE0-537F771769AE}
		{E07637B5-97F0-4AE9-99B7-26CDF85C162B} = {4F21FD6C-D6AD-428E-8AE0-537F771769AE}
	EndGlobalSection
EndGlobal
